// !$*UTF8*$!
{
	archiveVersion = 1;
	classes = {
	};
	objectVersion = 46;
	objects = {

/* Begin PBXBuildFile section */
		B44078041C68B62E0023CC3B /* Flickr.swift in Sources */ = {isa = PBXBuildFile; fileRef = B44078031C68B62E0023CC3B /* Flickr.swift */; };
		B44078061C68B75D0023CC3B /* FlickrConstant.swift in Sources */ = {isa = PBXBuildFile; fileRef = B44078051C68B75D0023CC3B /* FlickrConstant.swift */; };
		B440780C1C68B8D30023CC3B /* Key.plist in Resources */ = {isa = PBXBuildFile; fileRef = B440780B1C68B8D30023CC3B /* Key.plist */; };
		B4BBFE311C67F5640000AE22 /* AppDelegate.swift in Sources */ = {isa = PBXBuildFile; fileRef = B4BBFE301C67F5640000AE22 /* AppDelegate.swift */; };
		B4BBFE331C67F5640000AE22 /* LocationMapViewController.swift in Sources */ = {isa = PBXBuildFile; fileRef = B4BBFE321C67F5640000AE22 /* LocationMapViewController.swift */; };
		B4BBFE391C67F5640000AE22 /* VirtualTourist.xcdatamodeld in Sources */ = {isa = PBXBuildFile; fileRef = B4BBFE371C67F5640000AE22 /* VirtualTourist.xcdatamodeld */; };
		B4BBFE3B1C67F5640000AE22 /* Assets.xcassets in Resources */ = {isa = PBXBuildFile; fileRef = B4BBFE3A1C67F5640000AE22 /* Assets.xcassets */; };
		B4BBFE3E1C67F5640000AE22 /* LaunchScreen.storyboard in Resources */ = {isa = PBXBuildFile; fileRef = B4BBFE3C1C67F5640000AE22 /* LaunchScreen.storyboard */; };
		B4BBFE471C67F6F90000AE22 /* Pin.swift in Sources */ = {isa = PBXBuildFile; fileRef = B4BBFE461C67F6F90000AE22 /* Pin.swift */; };
		B4BBFE491C67F81A0000AE22 /* Photo.swift in Sources */ = {isa = PBXBuildFile; fileRef = B4BBFE481C67F81A0000AE22 /* Photo.swift */; };
		B4BBFE4B1C67F8990000AE22 /* CoreDataStackManager.swift in Sources */ = {isa = PBXBuildFile; fileRef = B4BBFE4A1C67F8990000AE22 /* CoreDataStackManager.swift */; };
		B4BBFE4D1C6805750000AE22 /* PhotoAlbumViewController.swift.swift in Sources */ = {isa = PBXBuildFile; fileRef = B4BBFE4C1C6805750000AE22 /* PhotoAlbumViewController.swift.swift */; };
		B4BBFE501C6809890000AE22 /* Main.storyboard in Resources */ = {isa = PBXBuildFile; fileRef = B4BBFE4F1C6809890000AE22 /* Main.storyboard */; };
/* End PBXBuildFile section */

/* Begin PBXFileReference section */
		B44078031C68B62E0023CC3B /* Flickr.swift */ = {isa = PBXFileReference; fileEncoding = 4; lastKnownFileType = sourcecode.swift; path = Flickr.swift; sourceTree = "<group>"; };
		B44078051C68B75D0023CC3B /* FlickrConstant.swift */ = {isa = PBXFileReference; fileEncoding = 4; lastKnownFileType = sourcecode.swift; path = FlickrConstant.swift; sourceTree = "<group>"; };
		B440780B1C68B8D30023CC3B /* Key.plist */ = {isa = PBXFileReference; fileEncoding = 4; lastKnownFileType = text.plist.xml; path = Key.plist; sourceTree = "<group>"; };
		B4BBFE2D1C67F5630000AE22 /* VirtualTourist.app */ = {isa = PBXFileReference; explicitFileType = wrapper.application; includeInIndex = 0; path = VirtualTourist.app; sourceTree = BUILT_PRODUCTS_DIR; };
		B4BBFE301C67F5640000AE22 /* AppDelegate.swift */ = {isa = PBXFileReference; lastKnownFileType = sourcecode.swift; path = AppDelegate.swift; sourceTree = "<group>"; };
		B4BBFE321C67F5640000AE22 /* LocationMapViewController.swift */ = {isa = PBXFileReference; lastKnownFileType = sourcecode.swift; path = LocationMapViewController.swift; sourceTree = "<group>"; };
		B4BBFE381C67F5640000AE22 /* VirtualTourist.xcdatamodel */ = {isa = PBXFileReference; lastKnownFileType = wrapper.xcdatamodel; path = VirtualTourist.xcdatamodel; sourceTree = "<group>"; };
		B4BBFE3A1C67F5640000AE22 /* Assets.xcassets */ = {isa = PBXFileReference; lastKnownFileType = folder.assetcatalog; path = Assets.xcassets; sourceTree = "<group>"; };
		B4BBFE3D1C67F5640000AE22 /* Base */ = {isa = PBXFileReference; lastKnownFileType = file.storyboard; name = Base; path = Base.lproj/LaunchScreen.storyboard; sourceTree = "<group>"; };
		B4BBFE3F1C67F5640000AE22 /* Info.plist */ = {isa = PBXFileReference; lastKnownFileType = text.plist.xml; path = Info.plist; sourceTree = "<group>"; };
		B4BBFE461C67F6F90000AE22 /* Pin.swift */ = {isa = PBXFileReference; fileEncoding = 4; lastKnownFileType = sourcecode.swift; path = Pin.swift; sourceTree = "<group>"; };
		B4BBFE481C67F81A0000AE22 /* Photo.swift */ = {isa = PBXFileReference; fileEncoding = 4; lastKnownFileType = sourcecode.swift; path = Photo.swift; sourceTree = "<group>"; };
		B4BBFE4A1C67F8990000AE22 /* CoreDataStackManager.swift */ = {isa = PBXFileReference; fileEncoding = 4; lastKnownFileType = sourcecode.swift; path = CoreDataStackManager.swift; sourceTree = "<group>"; };
		B4BBFE4C1C6805750000AE22 /* PhotoAlbumViewController.swift.swift */ = {isa = PBXFileReference; fileEncoding = 4; lastKnownFileType = sourcecode.swift; path = PhotoAlbumViewController.swift.swift; sourceTree = "<group>"; };
		B4BBFE4F1C6809890000AE22 /* Main.storyboard */ = {isa = PBXFileReference; fileEncoding = 4; lastKnownFileType = file.storyboard; path = Main.storyboard; sourceTree = "<group>"; };
/* End PBXFileReference section */

/* Begin PBXFrameworksBuildPhase section */
		B4BBFE2A1C67F5630000AE22 /* Frameworks */ = {
			isa = PBXFrameworksBuildPhase;
			buildActionMask = 2147483647;
			files = (
			);
			runOnlyForDeploymentPostprocessing = 0;
		};
/* End PBXFrameworksBuildPhase section */

/* Begin PBXGroup section */
		B4BBFE241C67F5630000AE22 = {
			isa = PBXGroup;
			children = (
				B4BBFE2F1C67F5640000AE22 /* VirtualTourist */,
				B4BBFE2E1C67F5630000AE22 /* Products */,
			);
			sourceTree = "<group>";
		};
		B4BBFE2E1C67F5630000AE22 /* Products */ = {
			isa = PBXGroup;
			children = (
				B4BBFE2D1C67F5630000AE22 /* VirtualTourist.app */,
			);
			name = Products;
			sourceTree = "<group>";
		};
		B4BBFE2F1C67F5640000AE22 /* VirtualTourist */ = {
			isa = PBXGroup;
			children = (
				B4BBFE301C67F5640000AE22 /* AppDelegate.swift */,
				B4BBFE4F1C6809890000AE22 /* Main.storyboard */,
				B4BBFE451C67F6A40000AE22 /* Models */,
				B4BBFE4E1C6806D90000AE22 /* Controllers */,
				B4BBFE3A1C67F5640000AE22 /* Assets.xcassets */,
				B4BBFE3C1C67F5640000AE22 /* LaunchScreen.storyboard */,
				B4BBFE3F1C67F5640000AE22 /* Info.plist */,
				B440780B1C68B8D30023CC3B /* Key.plist */,
				B44078031C68B62E0023CC3B /* Flickr.swift */,
				B44078051C68B75D0023CC3B /* FlickrConstant.swift */,
			);
			path = VirtualTourist;
			sourceTree = "<group>";
		};
		B4BBFE451C67F6A40000AE22 /* Models */ = {
			isa = PBXGroup;
			children = (
				B4BBFE371C67F5640000AE22 /* VirtualTourist.xcdatamodeld */,
				B4BBFE461C67F6F90000AE22 /* Pin.swift */,
				B4BBFE481C67F81A0000AE22 /* Photo.swift */,
				B4BBFE4A1C67F8990000AE22 /* CoreDataStackManager.swift */,
			);
			name = Models;
			sourceTree = "<group>";
		};
		B4BBFE4E1C6806D90000AE22 /* Controllers */ = {
			isa = PBXGroup;
			children = (
				B4BBFE321C67F5640000AE22 /* LocationMapViewController.swift */,
				B4BBFE4C1C6805750000AE22 /* PhotoAlbumViewController.swift.swift */,
			);
			name = Controllers;
			sourceTree = "<group>";
		};
/* End PBXGroup section */

/* Begin PBXNativeTarget section */
		B4BBFE2C1C67F5630000AE22 /* VirtualTourist */ = {
			isa = PBXNativeTarget;
			buildConfigurationList = B4BBFE421C67F5640000AE22 /* Build configuration list for PBXNativeTarget "VirtualTourist" */;
			buildPhases = (
				B4BBFE291C67F5630000AE22 /* Sources */,
				B4BBFE2A1C67F5630000AE22 /* Frameworks */,
				B4BBFE2B1C67F5630000AE22 /* Resources */,
				B4C1588A1C696498005A905D /* Run Script */,
			);
			buildRules = (
			);
			dependencies = (
			);
			name = VirtualTourist;
			productName = VirtualTourist;
			productReference = B4BBFE2D1C67F5630000AE22 /* VirtualTourist.app */;
			productType = "com.apple.product-type.application";
		};
/* End PBXNativeTarget section */

/* Begin PBXProject section */
		B4BBFE251C67F5630000AE22 /* Project object */ = {
			isa = PBXProject;
			attributes = {
				LastSwiftUpdateCheck = 0720;
				LastUpgradeCheck = 0720;
				ORGANIZATIONNAME = "Jefferson Bonnaire";
				TargetAttributes = {
					B4BBFE2C1C67F5630000AE22 = {
						CreatedOnToolsVersion = 7.2.1;
					};
				};
			};
			buildConfigurationList = B4BBFE281C67F5630000AE22 /* Build configuration list for PBXProject "VirtualTourist" */;
			compatibilityVersion = "Xcode 3.2";
			developmentRegion = English;
			hasScannedForEncodings = 0;
			knownRegions = (
				en,
				Base,
			);
			mainGroup = B4BBFE241C67F5630000AE22;
			productRefGroup = B4BBFE2E1C67F5630000AE22 /* Products */;
			projectDirPath = "";
			projectRoot = "";
			targets = (
				B4BBFE2C1C67F5630000AE22 /* VirtualTourist */,
			);
		};
/* End PBXProject section */

/* Begin PBXResourcesBuildPhase section */
		B4BBFE2B1C67F5630000AE22 /* Resources */ = {
			isa = PBXResourcesBuildPhase;
			buildActionMask = 2147483647;
			files = (
				B440780C1C68B8D30023CC3B /* Key.plist in Resources */,
				B4BBFE501C6809890000AE22 /* Main.storyboard in Resources */,
				B4BBFE3E1C67F5640000AE22 /* LaunchScreen.storyboard in Resources */,
				B4BBFE3B1C67F5640000AE22 /* Assets.xcassets in Resources */,
			);
			runOnlyForDeploymentPostprocessing = 0;
		};
/* End PBXResourcesBuildPhase section */

/* Begin PBXShellScriptBuildPhase section */
		B4C1588A1C696498005A905D /* Run Script */ = {
			isa = PBXShellScriptBuildPhase;
			buildActionMask = 2147483647;
			files = (
			);
			inputPaths = (
			);
			name = "Run Script";
			outputPaths = (
			);
			runOnlyForDeploymentPostprocessing = 0;
			shellPath = /bin/sh;
			shellScript = "";
		};
/* End PBXShellScriptBuildPhase section */

/* Begin PBXSourcesBuildPhase section */
		B4BBFE291C67F5630000AE22 /* Sources */ = {
			isa = PBXSourcesBuildPhase;
			buildActionMask = 2147483647;
			files = (
				B4BBFE331C67F5640000AE22 /* LocationMapViewController.swift in Sources */,
				B4BBFE311C67F5640000AE22 /* AppDelegate.swift in Sources */,
				B4BBFE4D1C6805750000AE22 /* PhotoAlbumViewController.swift.swift in Sources */,
				B4BBFE391C67F5640000AE22 /* VirtualTourist.xcdatamodeld in Sources */,
				B4BBFE471C67F6F90000AE22 /* Pin.swift in Sources */,
				B4BBFE491C67F81A0000AE22 /* Photo.swift in Sources */,
				B4BBFE4B1C67F8990000AE22 /* CoreDataStackManager.swift in Sources */,
				B44078041C68B62E0023CC3B /* Flickr.swift in Sources */,
				B44078061C68B75D0023CC3B /* FlickrConstant.swift in Sources */,
			);
			runOnlyForDeploymentPostprocessing = 0;
		};
/* End PBXSourcesBuildPhase section */

/* Begin PBXVariantGroup section */
		B4BBFE3C1C67F5640000AE22 /* LaunchScreen.storyboard */ = {
			isa = PBXVariantGroup;
			children = (
				B4BBFE3D1C67F5640000AE22 /* Base */,
			);
			name = LaunchScreen.storyboard;
			sourceTree = "<group>";
		};
/* End PBXVariantGroup section */

/* Begin XCBuildConfiguration section */
		B4BBFE401C67F5640000AE22 /* Debug */ = {
			isa = XCBuildConfiguration;
			buildSettings = {
				ALWAYS_SEARCH_USER_PATHS = NO;
				CLANG_CXX_LANGUAGE_STANDARD = "gnu++0x";
				CLANG_CXX_LIBRARY = "libc++";
				CLANG_ENABLE_MODULES = YES;
				CLANG_ENABLE_OBJC_ARC = YES;
				CLANG_WARN_BOOL_CONVERSION = YES;
				CLANG_WARN_CONSTANT_CONVERSION = YES;
				CLANG_WARN_DIRECT_OBJC_ISA_USAGE = YES_ERROR;
				CLANG_WARN_EMPTY_BODY = YES;
				CLANG_WARN_ENUM_CONVERSION = YES;
				CLANG_WARN_INT_CONVERSION = YES;
				CLANG_WARN_OBJC_ROOT_CLASS = YES_ERROR;
				CLANG_WARN_UNREACHABLE_CODE = YES;
				CLANG_WARN__DUPLICATE_METHOD_MATCH = YES;
				"CODE_SIGN_IDENTITY[sdk=iphoneos*]" = "iPhone Developer";
				COPY_PHASE_STRIP = NO;
				DEBUG_INFORMATION_FORMAT = dwarf;
				ENABLE_STRICT_OBJC_MSGSEND = YES;
				ENABLE_TESTABILITY = YES;
				GCC_C_LANGUAGE_STANDARD = gnu99;
				GCC_DYNAMIC_NO_PIC = NO;
				GCC_NO_COMMON_BLOCKS = YES;
				GCC_OPTIMIZATION_LEVEL = 0;
				GCC_PREPROCESSOR_DEFINITIONS = (
					"DEBUG=1",
					"$(inherited)",
				);
				GCC_WARN_64_TO_32_BIT_CONVERSION = YES;
				GCC_WARN_ABOUT_RETURN_TYPE = YES_ERROR;
				GCC_WARN_UNDECLARED_SELECTOR = YES;
				GCC_WARN_UNINITIALIZED_AUTOS = YES_AGGRESSIVE;
				GCC_WARN_UNUSED_FUNCTION = YES;
				GCC_WARN_UNUSED_VARIABLE = YES;
				IPHONEOS_DEPLOYMENT_TARGET = 9.2;
				MTL_ENABLE_DEBUG_INFO = YES;
				ONLY_ACTIVE_ARCH = YES;
				SDKROOT = iphoneos;
				SWIFT_OPTIMIZATION_LEVEL = "-Onone";
				TARGETED_DEVICE_FAMILY = "1,2";
			};
			name = Debug;
		};
		B4BBFE411C67F5640000AE22 /* Release */ = {
			isa = XCBuildConfiguration;
			buildSettings = {
				ALWAYS_SEARCH_USER_PATHS = NO;
				CLANG_CXX_LANGUAGE_STANDARD = "gnu++0x";
				CLANG_CXX_LIBRARY = "libc++";
				CLANG_ENABLE_MODULES = YES;
				CLANG_ENABLE_OBJC_ARC = YES;
				CLANG_WARN_BOOL_CONVERSION = YES;
				CLANG_WARN_CONSTANT_CONVERSION = YES;
				CLANG_WARN_DIRECT_OBJC_ISA_USAGE = YES_ERROR;
				CLANG_WARN_EMPTY_BODY = YES;
				CLANG_WARN_ENUM_CONVERSION = YES;
				CLANG_WARN_INT_CONVERSION = YES;
				CLANG_WARN_OBJC_ROOT_CLASS = YES_ERROR;
				CLANG_WARN_UNREACHABLE_CODE = YES;
				CLANG_WARN__DUPLICATE_METHOD_MATCH = YES;
				"CODE_SIGN_IDENTITY[sdk=iphoneos*]" = "iPhone Developer";
				COPY_PHASE_STRIP = NO;
				DEBUG_INFORMATION_FORMAT = "dwarf-with-dsym";
				ENABLE_NS_ASSERTIONS = NO;
				ENABLE_STRICT_OBJC_MSGSEND = YES;
				GCC_C_LANGUAGE_STANDARD = gnu99;
				GCC_NO_COMMON_BLOCKS = YES;
				GCC_WARN_64_TO_32_BIT_CONVERSION = YES;
				GCC_WARN_ABOUT_RETURN_TYPE = YES_ERROR;
				GCC_WARN_UNDECLARED_SELECTOR = YES;
				GCC_WARN_UNINITIALIZED_AUTOS = YES_AGGRESSIVE;
				GCC_WARN_UNUSED_FUNCTION = YES;
				GCC_WARN_UNUSED_VARIABLE = YES;
				IPHONEOS_DEPLOYMENT_TARGET = 9.2;
				MTL_ENABLE_DEBUG_INFO = NO;
				SDKROOT = iphoneos;
				TARGETED_DEVICE_FAMILY = "1,2";
				VALIDATE_PRODUCT = YES;
			};
			name = Release;
		};
		B4BBFE431C67F5640000AE22 /* Debug */ = {
			isa = XCBuildConfiguration;
			buildSettings = {
				ASSETCATALOG_COMPILER_APPICON_NAME = AppIcon;
				INFOPLIST_FILE = VirtualTourist/Info.plist;
				LD_RUNPATH_SEARCH_PATHS = "$(inherited) @executable_path/Frameworks";
				PRODUCT_BUNDLE_IDENTIFIER = com.jeffersonbonnaire.VirtualTourist;
				PRODUCT_NAME = "$(TARGET_NAME)";
			};
			name = Debug;
		};
		B4BBFE441C67F5640000AE22 /* Release */ = {
			isa = XCBuildConfiguration;
			buildSettings = {
				ASSETCATALOG_COMPILER_APPICON_NAME = AppIcon;
				INFOPLIST_FILE = VirtualTourist/Info.plist;
				LD_RUNPATH_SEARCH_PATHS = "$(inherited) @executable_path/Frameworks";
				PRODUCT_BUNDLE_IDENTIFIER = com.jeffersonbonnaire.VirtualTourist;
				PRODUCT_NAME = "$(TARGET_NAME)";
			};
			name = Release;
		};
/* End XCBuildConfiguration section */

/* Begin XCConfigurationList section */
		B4BBFE281C67F5630000AE22 /* Build configuration list for PBXProject "VirtualTourist" */ = {
			isa = XCConfigurationList;
			buildConfigurations = (
				B4BBFE401C67F5640000AE22 /* Debug */,
				B4BBFE411C67F5640000AE22 /* Release */,
			);
			defaultConfigurationIsVisible = 0;
			defaultConfigurationName = Release;
		};
		B4BBFE421C67F5640000AE22 /* Build configuration list for PBXNativeTarget "VirtualTourist" */ = {
			isa = XCConfigurationList;
			buildConfigurations = (
				B4BBFE431C67F5640000AE22 /* Debug */,
				B4BBFE441C67F5640000AE22 /* Release */,
			);
			defaultConfigurationIsVisible = 0;
			defaultConfigurationName = Release;
		};
/* End XCConfigurationList section */

/* Begin XCVersionGroup section */
		B4BBFE371C67F5640000AE22 /* VirtualTourist.xcdatamodeld */ = {
			isa = XCVersionGroup;
			children = (
				B4BBFE381C67F5640000AE22 /* VirtualTourist.xcdatamodel */,
			);
			currentVersion = B4BBFE381C67F5640000AE22 /* VirtualTourist.xcdatamodel */;
			path = VirtualTourist.xcdatamodeld;
			sourceTree = "<group>";
			versionGroupType = wrapper.xcdatamodel;
		};
/* End XCVersionGroup section */
	};
	rootObject = B4BBFE251C67F5630000AE22 /* Project object */;
}
